{
  "pins" : [
    {
      "identity" : "bottomsheet",
      "kind" : "remoteSourceControl",
      "location" : "https://github.com/joomcode/BottomSheet",
      "state" : {
        "branch" : "main",
        "revision" : "b847e09e40a833593b29475f2f1c94e8260befe2"
      }
    }
  ],
  "version" : 2
}
