// !$*UTF8*$!
{
	archiveVersion = 1;
	classes = {
	};
	objectVersion = 56;
	objects = {

/* Begin PBXBuildFile section */
		B5952D5E29C0D70D00DD8427 /* InputTextfield.swift in Sources */ = {isa = PBXBuildFile; fileRef = B5952D5D29C0D70D00DD8427 /* InputTextfield.swift */; };
		B5952D6129C0D9A100DD8427 /* EmailCodeTextfield.swift in Sources */ = {isa = PBXBuildFile; fileRef = B5952D6029C0D9A100DD8427 /* EmailCodeTextfield.swift */; };
		B5A9FD8E29B9C7230040F0F4 /* AppDelegate.swift in Sources */ = {isa = PBXBuildFile; fileRef = B5A9FD8D29B9C7230040F0F4 /* AppDelegate.swift */; };
		B5A9FD9029B9C7230040F0F4 /* SceneDelegate.swift in Sources */ = {isa = PBXBuildFile; fileRef = B5A9FD8F29B9C7230040F0F4 /* SceneDelegate.swift */; };
		B5A9FD9229B9C7230040F0F4 /* OnboardingPageViewController.swift in Sources */ = {isa = PBXBuildFile; fileRef = B5A9FD9129B9C7230040F0F4 /* OnboardingPageViewController.swift */; };
		B5A9FD9729B9C7250040F0F4 /* Assets.xcassets in Resources */ = {isa = PBXBuildFile; fileRef = B5A9FD9629B9C7250040F0F4 /* Assets.xcassets */; };
		B5A9FD9A29B9C7250040F0F4 /* LaunchScreen.storyboard in Resources */ = {isa = PBXBuildFile; fileRef = B5A9FD9829B9C7250040F0F4 /* LaunchScreen.storyboard */; };
		B5A9FDA229B9C9870040F0F4 /* OnboardingViewController.swift in Sources */ = {isa = PBXBuildFile; fileRef = B5A9FDA129B9C9870040F0F4 /* OnboardingViewController.swift */; };
		B5BBDA7F29B9DDF500F367AA /* AuthViewController.swift in Sources */ = {isa = PBXBuildFile; fileRef = B5BBDA7E29B9DDF500F367AA /* AuthViewController.swift */; };
		B5BBDA8229B9EA1200F367AA /* EmailCodeViewController.swift in Sources */ = {isa = PBXBuildFile; fileRef = B5BBDA8129B9EA1200F367AA /* EmailCodeViewController.swift */; };
		B5BBDA8429BA1C3500F367AA /* CreatePasswordViewController.swift in Sources */ = {isa = PBXBuildFile; fileRef = B5BBDA8329BA1C3500F367AA /* CreatePasswordViewController.swift */; };
		B5BBDA8629BB2B1000F367AA /* CreatePatientViewController.swift in Sources */ = {isa = PBXBuildFile; fileRef = B5BBDA8529BB2B1000F367AA /* CreatePatientViewController.swift */; };
		B5BBDA8829BB72C800F367AA /* HomeViewController.swift in Sources */ = {isa = PBXBuildFile; fileRef = B5BBDA8729BB72C800F367AA /* HomeViewController.swift */; };
		B5BBDA8C29BB742500F367AA /* SearchViewController.swift in Sources */ = {isa = PBXBuildFile; fileRef = B5BBDA8B29BB742500F367AA /* SearchViewController.swift */; };
/* End PBXBuildFile section */

/* Begin PBXFileReference section */
		B5952D5D29C0D70D00DD8427 /* InputTextfield.swift */ = {isa = PBXFileReference; lastKnownFileType = sourcecode.swift; path = InputTextfield.swift; sourceTree = "<group>"; };
		B5952D6029C0D9A100DD8427 /* EmailCodeTextfield.swift */ = {isa = PBXFileReference; lastKnownFileType = sourcecode.swift; path = EmailCodeTextfield.swift; sourceTree = "<group>"; };
		B5A9FD8A29B9C7230040F0F4 /* MedicApp.app */ = {isa = PBXFileReference; explicitFileType = wrapper.application; includeInIndex = 0; path = MedicApp.app; sourceTree = BUILT_PRODUCTS_DIR; };
		B5A9FD8D29B9C7230040F0F4 /* AppDelegate.swift */ = {isa = PBXFileReference; lastKnownFileType = sourcecode.swift; path = AppDelegate.swift; sourceTree = "<group>"; };
		B5A9FD8F29B9C7230040F0F4 /* SceneDelegate.swift */ = {isa = PBXFileReference; lastKnownFileType = sourcecode.swift; path = SceneDelegate.swift; sourceTree = "<group>"; };
		B5A9FD9129B9C7230040F0F4 /* OnboardingPageViewController.swift */ = {isa = PBXFileReference; lastKnownFileType = sourcecode.swift; path = OnboardingPageViewController.swift; sourceTree = "<group>"; };
		B5A9FD9629B9C7250040F0F4 /* Assets.xcassets */ = {isa = PBXFileReference; lastKnownFileType = folder.assetcatalog; path = Assets.xcassets; sourceTree = "<group>"; };
		B5A9FD9929B9C7250040F0F4 /* Base */ = {isa = PBXFileReference; lastKnownFileType = file.storyboard; name = Base; path = Base.lproj/LaunchScreen.storyboard; sourceTree = "<group>"; };
		B5A9FD9B29B9C7250040F0F4 /* Info.plist */ = {isa = PBXFileReference; lastKnownFileType = text.plist.xml; path = Info.plist; sourceTree = "<group>"; };
		B5A9FDA129B9C9870040F0F4 /* OnboardingViewController.swift */ = {isa = PBXFileReference; lastKnownFileType = sourcecode.swift; path = OnboardingViewController.swift; sourceTree = "<group>"; };
		B5BBDA7E29B9DDF500F367AA /* AuthViewController.swift */ = {isa = PBXFileReference; lastKnownFileType = sourcecode.swift; path = AuthViewController.swift; sourceTree = "<group>"; };
		B5BBDA8129B9EA1200F367AA /* EmailCodeViewController.swift */ = {isa = PBXFileReference; lastKnownFileType = sourcecode.swift; path = EmailCodeViewController.swift; sourceTree = "<group>"; };
		B5BBDA8329BA1C3500F367AA /* CreatePasswordViewController.swift */ = {isa = PBXFileReference; lastKnownFileType = sourcecode.swift; path = CreatePasswordViewController.swift; sourceTree = "<group>"; };
		B5BBDA8529BB2B1000F367AA /* CreatePatientViewController.swift */ = {isa = PBXFileReference; lastKnownFileType = sourcecode.swift; path = CreatePatientViewController.swift; sourceTree = "<group>"; };
		B5BBDA8729BB72C800F367AA /* HomeViewController.swift */ = {isa = PBXFileReference; lastKnownFileType = sourcecode.swift; path = HomeViewController.swift; sourceTree = "<group>"; };
		B5BBDA8B29BB742500F367AA /* SearchViewController.swift */ = {isa = PBXFileReference; lastKnownFileType = sourcecode.swift; path = SearchViewController.swift; sourceTree = "<group>"; };
/* End PBXFileReference section */

/* Begin PBXFrameworksBuildPhase section */
		B5A9FD8729B9C7230040F0F4 /* Frameworks */ = {
			isa = PBXFrameworksBuildPhase;
			buildActionMask = 2147483647;
			files = (
			);
			runOnlyForDeploymentPostprocessing = 0;
		};
/* End PBXFrameworksBuildPhase section */

/* Begin PBXGroup section */
		B5952D5F29C0D71100DD8427 /* Subclass */ = {
			isa = PBXGroup;
			children = (
				B5952D5D29C0D70D00DD8427 /* InputTextfield.swift */,
				B5952D6029C0D9A100DD8427 /* EmailCodeTextfield.swift */,
			);
			path = Subclass;
			sourceTree = "<group>";
		};
		B5A9FD8129B9C7230040F0F4 = {
			isa = PBXGroup;
			children = (
				B5A9FD8C29B9C7230040F0F4 /* MedicApp */,
				B5A9FD8B29B9C7230040F0F4 /* Products */,
			);
			sourceTree = "<group>";
		};
		B5A9FD8B29B9C7230040F0F4 /* Products */ = {
			isa = PBXGroup;
			children = (
				B5A9FD8A29B9C7230040F0F4 /* MedicApp.app */,
			);
			name = Products;
			sourceTree = "<group>";
		};
		B5A9FD8C29B9C7230040F0F4 /* MedicApp */ = {
			isa = PBXGroup;
			children = (
				B5BBDA7B29B9DDB700F367AA /* App */,
				B5952D5F29C0D71100DD8427 /* Subclass */,
				B5BBDA8A29BB72D700F367AA /* Modules */,
				B5BBDA7C29B9DDBD00F367AA /* Resources */,
				B5A9FD9B29B9C7250040F0F4 /* Info.plist */,
			);
			path = MedicApp;
			sourceTree = "<group>";
		};
		B5BBDA7B29B9DDB700F367AA /* App */ = {
			isa = PBXGroup;
			children = (
				B5A9FD8D29B9C7230040F0F4 /* AppDelegate.swift */,
				B5A9FD8F29B9C7230040F0F4 /* SceneDelegate.swift */,
				B5A9FD9829B9C7250040F0F4 /* LaunchScreen.storyboard */,
			);
			path = App;
			sourceTree = "<group>";
		};
		B5BBDA7C29B9DDBD00F367AA /* Resources */ = {
			isa = PBXGroup;
			children = (
				B5A9FD9629B9C7250040F0F4 /* Assets.xcassets */,
			);
			path = Resources;
			sourceTree = "<group>";
		};
		B5BBDA7D29B9DDCB00F367AA /* Onboarding */ = {
			isa = PBXGroup;
			children = (
				B5BBDA8F29BB744800F367AA /* Controller */,
			);
			path = Onboarding;
			sourceTree = "<group>";
		};
		B5BBDA8029B9DDF700F367AA /* Auth */ = {
			isa = PBXGroup;
			children = (
				B5BBDA8D29BB743600F367AA /* Controller */,
			);
			path = Auth;
			sourceTree = "<group>";
		};
		B5BBDA8929BB72CA00F367AA /* Home */ = {
			isa = PBXGroup;
			children = (
				B5BBDA8E29BB743D00F367AA /* Controller */,
			);
			path = Home;
			sourceTree = "<group>";
		};
		B5BBDA8A29BB72D700F367AA /* Modules */ = {
			isa = PBXGroup;
			children = (
				B5BBDA7D29B9DDCB00F367AA /* Onboarding */,
				B5BBDA8029B9DDF700F367AA /* Auth */,
				B5BBDA8929BB72CA00F367AA /* Home */,
			);
			path = Modules;
			sourceTree = "<group>";
		};
		B5BBDA8D29BB743600F367AA /* Controller */ = {
			isa = PBXGroup;
			children = (
				B5BBDA7E29B9DDF500F367AA /* AuthViewController.swift */,
				B5BBDA8129B9EA1200F367AA /* EmailCodeViewController.swift */,
				B5BBDA8329BA1C3500F367AA /* CreatePasswordViewController.swift */,
				B5BBDA8529BB2B1000F367AA /* CreatePatientViewController.swift */,
			);
			path = Controller;
			sourceTree = "<group>";
		};
		B5BBDA8E29BB743D00F367AA /* Controller */ = {
			isa = PBXGroup;
			children = (
				B5BBDA8729BB72C800F367AA /* HomeViewController.swift */,
				B5BBDA8B29BB742500F367AA /* SearchViewController.swift */,
			);
			path = Controller;
			sourceTree = "<group>";
		};
		B5BBDA8F29BB744800F367AA /* Controller */ = {
			isa = PBXGroup;
			children = (
				B5A9FD9129B9C7230040F0F4 /* OnboardingPageViewController.swift */,
				B5A9FDA129B9C9870040F0F4 /* OnboardingViewController.swift */,
			);
			path = Controller;
			sourceTree = "<group>";
		};
/* End PBXGroup section */

/* Begin PBXNativeTarget section */
		B5A9FD8929B9C7230040F0F4 /* MedicApp */ = {
			isa = PBXNativeTarget;
			buildConfigurationList = B5A9FD9E29B9C7250040F0F4 /* Build configuration list for PBXNativeTarget "MedicApp" */;
			buildPhases = (
				B5A9FD8629B9C7230040F0F4 /* Sources */,
				B5A9FD8729B9C7230040F0F4 /* Frameworks */,
				B5A9FD8829B9C7230040F0F4 /* Resources */,
			);
			buildRules = (
			);
			dependencies = (
			);
			name = MedicApp;
			productName = MedicApp;
			productReference = B5A9FD8A29B9C7230040F0F4 /* MedicApp.app */;
			productType = "com.apple.product-type.application";
		};
/* End PBXNativeTarget section */

/* Begin PBXProject section */
		B5A9FD8229B9C7230040F0F4 /* Project object */ = {
			isa = PBXProject;
			attributes = {
				BuildIndependentTargetsInParallel = 1;
				LastSwiftUpdateCheck = 1400;
				LastUpgradeCheck = 1400;
				TargetAttributes = {
					B5A9FD8929B9C7230040F0F4 = {
						CreatedOnToolsVersion = 14.0.1;
					};
				};
			};
			buildConfigurationList = B5A9FD8529B9C7230040F0F4 /* Build configuration list for PBXProject "MedicApp" */;
			compatibilityVersion = "Xcode 14.0";
			developmentRegion = en;
			hasScannedForEncodings = 0;
			knownRegions = (
				en,
				Base,
			);
			mainGroup = B5A9FD8129B9C7230040F0F4;
			productRefGroup = B5A9FD8B29B9C7230040F0F4 /* Products */;
			projectDirPath = "";
			projectRoot = "";
			targets = (
				B5A9FD8929B9C7230040F0F4 /* MedicApp */,
			);
		};
/* End PBXProject section */

/* Begin PBXResourcesBuildPhase section */
		B5A9FD8829B9C7230040F0F4 /* Resources */ = {
			isa = PBXResourcesBuildPhase;
			buildActionMask = 2147483647;
			files = (
				B5A9FD9A29B9C7250040F0F4 /* LaunchScreen.storyboard in Resources */,
				B5A9FD9729B9C7250040F0F4 /* Assets.xcassets in Resources */,
			);
			runOnlyForDeploymentPostprocessing = 0;
		};
/* End PBXResourcesBuildPhase section */

/* Begin PBXSourcesBuildPhase section */
		B5A9FD8629B9C7230040F0F4 /* Sources */ = {
			isa = PBXSourcesBuildPhase;
			buildActionMask = 2147483647;
			files = (
				B5BBDA8C29BB742500F367AA /* SearchViewController.swift in Sources */,
				B5A9FD9229B9C7230040F0F4 /* OnboardingPageViewController.swift in Sources */,
				B5A9FD8E29B9C7230040F0F4 /* AppDelegate.swift in Sources */,
				B5BBDA7F29B9DDF500F367AA /* AuthViewController.swift in Sources */,
				B5A9FD9029B9C7230040F0F4 /* SceneDelegate.swift in Sources */,
				B5BBDA8629BB2B1000F367AA /* CreatePatientViewController.swift in Sources */,
				B5BBDA8829BB72C800F367AA /* HomeViewController.swift in Sources */,
				B5952D6129C0D9A100DD8427 /* EmailCodeTextfield.swift in Sources */,
				B5BBDA8229B9EA1200F367AA /* EmailCodeViewController.swift in Sources */,
				B5BBDA8429BA1C3500F367AA /* CreatePasswordViewController.swift in Sources */,
				B5952D5E29C0D70D00DD8427 /* InputTextfield.swift in Sources */,
				B5A9FDA229B9C9870040F0F4 /* OnboardingViewController.swift in Sources */,
			);
			runOnlyForDeploymentPostprocessing = 0;
		};
/* End PBXSourcesBuildPhase section */

/* Begin PBXVariantGroup section */
		B5A9FD9829B9C7250040F0F4 /* LaunchScreen.storyboard */ = {
			isa = PBXVariantGroup;
			children = (
				B5A9FD9929B9C7250040F0F4 /* Base */,
			);
			name = LaunchScreen.storyboard;
			sourceTree = "<group>";
		};
/* End PBXVariantGroup section */

/* Begin XCBuildConfiguration section */
		B5A9FD9C29B9C7250040F0F4 /* Debug */ = {
			isa = XCBuildConfiguration;
			buildSettings = {
				ALWAYS_SEARCH_USER_PATHS = NO;
				CLANG_ANALYZER_NONNULL = YES;
				CLANG_ANALYZER_NUMBER_OBJECT_CONVERSION = YES_AGGRESSIVE;
				CLANG_CXX_LANGUAGE_STANDARD = "gnu++20";
				CLANG_ENABLE_MODULES = YES;
				CLANG_ENABLE_OBJC_ARC = YES;
				CLANG_ENABLE_OBJC_WEAK = YES;
				CLANG_WARN_BLOCK_CAPTURE_AUTORELEASING = YES;
				CLANG_WARN_BOOL_CONVERSION = YES;
				CLANG_WARN_COMMA = YES;
				CLANG_WARN_CONSTANT_CONVERSION = YES;
				CLANG_WARN_DEPRECATED_OBJC_IMPLEMENTATIONS = YES;
				CLANG_WARN_DIRECT_OBJC_ISA_USAGE = YES_ERROR;
				CLANG_WARN_DOCUMENTATION_COMMENTS = YES;
				CLANG_WARN_EMPTY_BODY = YES;
				CLANG_WARN_ENUM_CONVERSION = YES;
				CLANG_WARN_INFINITE_RECURSION = YES;
				CLANG_WARN_INT_CONVERSION = YES;
				CLANG_WARN_NON_LITERAL_NULL_CONVERSION = YES;
				CLANG_WARN_OBJC_IMPLICIT_RETAIN_SELF = YES;
				CLANG_WARN_OBJC_LITERAL_CONVERSION = YES;
				CLANG_WARN_OBJC_ROOT_CLASS = YES_ERROR;
				CLANG_WARN_QUOTED_INCLUDE_IN_FRAMEWORK_HEADER = YES;
				CLANG_WARN_RANGE_LOOP_ANALYSIS = YES;
				CLANG_WARN_STRICT_PROTOTYPES = YES;
				CLANG_WARN_SUSPICIOUS_MOVE = YES;
				CLANG_WARN_UNGUARDED_AVAILABILITY = YES_AGGRESSIVE;
				CLANG_WARN_UNREACHABLE_CODE = YES;
				CLANG_WARN__DUPLICATE_METHOD_MATCH = YES;
				COPY_PHASE_STRIP = NO;
				DEBUG_INFORMATION_FORMAT = dwarf;
				ENABLE_STRICT_OBJC_MSGSEND = YES;
				ENABLE_TESTABILITY = YES;
				GCC_C_LANGUAGE_STANDARD = gnu11;
				GCC_DYNAMIC_NO_PIC = NO;
				GCC_NO_COMMON_BLOCKS = YES;
				GCC_OPTIMIZATION_LEVEL = 0;
				GCC_PREPROCESSOR_DEFINITIONS = (
					"DEBUG=1",
					"$(inherited)",
				);
				GCC_WARN_64_TO_32_BIT_CONVERSION = YES;
				GCC_WARN_ABOUT_RETURN_TYPE = YES_ERROR;
				GCC_WARN_UNDECLARED_SELECTOR = YES;
				GCC_WARN_UNINITIALIZED_AUTOS = YES_AGGRESSIVE;
				GCC_WARN_UNUSED_FUNCTION = YES;
				GCC_WARN_UNUSED_VARIABLE = YES;
				IPHONEOS_DEPLOYMENT_TARGET = 16.0;
				MTL_ENABLE_DEBUG_INFO = INCLUDE_SOURCE;
				MTL_FAST_MATH = YES;
				ONLY_ACTIVE_ARCH = YES;
				SDKROOT = iphoneos;
				SWIFT_ACTIVE_COMPILATION_CONDITIONS = DEBUG;
				SWIFT_OPTIMIZATION_LEVEL = "-Onone";
			};
			name = Debug;
		};
		B5A9FD9D29B9C7250040F0F4 /* Release */ = {
			isa = XCBuildConfiguration;
			buildSettings = {
				ALWAYS_SEARCH_USER_PATHS = NO;
				CLANG_ANALYZER_NONNULL = YES;
				CLANG_ANALYZER_NUMBER_OBJECT_CONVERSION = YES_AGGRESSIVE;
				CLANG_CXX_LANGUAGE_STANDARD = "gnu++20";
				CLANG_ENABLE_MODULES = YES;
				CLANG_ENABLE_OBJC_ARC = YES;
				CLANG_ENABLE_OBJC_WEAK = YES;
				CLANG_WARN_BLOCK_CAPTURE_AUTORELEASING = YES;
				CLANG_WARN_BOOL_CONVERSION = YES;
				CLANG_WARN_COMMA = YES;
				CLANG_WARN_CONSTANT_CONVERSION = YES;
				CLANG_WARN_DEPRECATED_OBJC_IMPLEMENTATIONS = YES;
				CLANG_WARN_DIRECT_OBJC_ISA_USAGE = YES_ERROR;
				CLANG_WARN_DOCUMENTATION_COMMENTS = YES;
				CLANG_WARN_EMPTY_BODY = YES;
				CLANG_WARN_ENUM_CONVERSION = YES;
				CLANG_WARN_INFINITE_RECURSION = YES;
				CLANG_WARN_INT_CONVERSION = YES;
				CLANG_WARN_NON_LITERAL_NULL_CONVERSION = YES;
				CLANG_WARN_OBJC_IMPLICIT_RETAIN_SELF = YES;
				CLANG_WARN_OBJC_LITERAL_CONVERSION = YES;
				CLANG_WARN_OBJC_ROOT_CLASS = YES_ERROR;
				CLANG_WARN_QUOTED_INCLUDE_IN_FRAMEWORK_HEADER = YES;
				CLANG_WARN_RANGE_LOOP_ANALYSIS = YES;
				CLANG_WARN_STRICT_PROTOTYPES = YES;
				CLANG_WARN_SUSPICIOUS_MOVE = YES;
				CLANG_WARN_UNGUARDED_AVAILABILITY = YES_AGGRESSIVE;
				CLANG_WARN_UNREACHABLE_CODE = YES;
				CLANG_WARN__DUPLICATE_METHOD_MATCH = YES;
				COPY_PHASE_STRIP = NO;
				DEBUG_INFORMATION_FORMAT = "dwarf-with-dsym";
				ENABLE_NS_ASSERTIONS = NO;
				ENABLE_STRICT_OBJC_MSGSEND = YES;
				GCC_C_LANGUAGE_STANDARD = gnu11;
				GCC_NO_COMMON_BLOCKS = YES;
				GCC_WARN_64_TO_32_BIT_CONVERSION = YES;
				GCC_WARN_ABOUT_RETURN_TYPE = YES_ERROR;
				GCC_WARN_UNDECLARED_SELECTOR = YES;
				GCC_WARN_UNINITIALIZED_AUTOS = YES_AGGRESSIVE;
				GCC_WARN_UNUSED_FUNCTION = YES;
				GCC_WARN_UNUSED_VARIABLE = YES;
				IPHONEOS_DEPLOYMENT_TARGET = 16.0;
				MTL_ENABLE_DEBUG_INFO = NO;
				MTL_FAST_MATH = YES;
				SDKROOT = iphoneos;
				SWIFT_COMPILATION_MODE = wholemodule;
				SWIFT_OPTIMIZATION_LEVEL = "-O";
				VALIDATE_PRODUCT = YES;
			};
			name = Release;
		};
		B5A9FD9F29B9C7250040F0F4 /* Debug */ = {
			isa = XCBuildConfiguration;
			buildSettings = {
				ASSETCATALOG_COMPILER_APPICON_NAME = AppIcon;
				ASSETCATALOG_COMPILER_GLOBAL_ACCENT_COLOR_NAME = AccentColor;
				CODE_SIGN_STYLE = Automatic;
				CURRENT_PROJECT_VERSION = 1;
				DEVELOPMENT_TEAM = V352R4M2J4;
				GENERATE_INFOPLIST_FILE = YES;
				INFOPLIST_FILE = MedicApp/Info.plist;
				INFOPLIST_KEY_UIApplicationSupportsIndirectInputEvents = YES;
				INFOPLIST_KEY_UILaunchStoryboardName = LaunchScreen;
				INFOPLIST_KEY_UISupportedInterfaceOrientations = UIInterfaceOrientationPortrait;
				IPHONEOS_DEPLOYMENT_TARGET = 14.0;
				LD_RUNPATH_SEARCH_PATHS = (
					"$(inherited)",
					"@executable_path/Frameworks",
				);
				MARKETING_VERSION = 1.0;
				PRODUCT_BUNDLE_IDENTIFIER = pavel.MedicApp;
				PRODUCT_NAME = "$(TARGET_NAME)";
				SWIFT_EMIT_LOC_STRINGS = YES;
				SWIFT_VERSION = 5.0;
				TARGETED_DEVICE_FAMILY = "1,2";
			};
			name = Debug;
		};
		B5A9FDA029B9C7250040F0F4 /* Release */ = {
			isa = XCBuildConfiguration;
			buildSettings = {
				ASSETCATALOG_COMPILER_APPICON_NAME = AppIcon;
				ASSETCATALOG_COMPILER_GLOBAL_ACCENT_COLOR_NAME = AccentColor;
				CODE_SIGN_STYLE = Automatic;
				CURRENT_PROJECT_VERSION = 1;
				DEVELOPMENT_TEAM = V352R4M2J4;
				GENERATE_INFOPLIST_FILE = YES;
				INFOPLIST_FILE = MedicApp/Info.plist;
				INFOPLIST_KEY_UIApplicationSupportsIndirectInputEvents = YES;
				INFOPLIST_KEY_UILaunchStoryboardName = LaunchScreen;
				INFOPLIST_KEY_UISupportedInterfaceOrientations = UIInterfaceOrientationPortrait;
				IPHONEOS_DEPLOYMENT_TARGET = 14.0;
				LD_RUNPATH_SEARCH_PATHS = (
					"$(inherited)",
					"@executable_path/Frameworks",
				);
				MARKETING_VERSION = 1.0;
				PRODUCT_BUNDLE_IDENTIFIER = pavel.MedicApp;
				PRODUCT_NAME = "$(TARGET_NAME)";
				SWIFT_EMIT_LOC_STRINGS = YES;
				SWIFT_VERSION = 5.0;
				TARGETED_DEVICE_FAMILY = "1,2";
			};
			name = Release;
		};
/* End XCBuildConfiguration section */

/* Begin XCConfigurationList section */
		B5A9FD8529B9C7230040F0F4 /* Build configuration list for PBXProject "MedicApp" */ = {
			isa = XCConfigurationList;
			buildConfigurations = (
				B5A9FD9C29B9C7250040F0F4 /* Debug */,
				B5A9FD9D29B9C7250040F0F4 /* Release */,
			);
			defaultConfigurationIsVisible = 0;
			defaultConfigurationName = Release;
		};
		B5A9FD9E29B9C7250040F0F4 /* Build configuration list for PBXNativeTarget "MedicApp" */ = {
			isa = XCConfigurationList;
			buildConfigurations = (
				B5A9FD9F29B9C7250040F0F4 /* Debug */,
				B5A9FDA029B9C7250040F0F4 /* Release */,
			);
			defaultConfigurationIsVisible = 0;
			defaultConfigurationName = Release;
		};
/* End XCConfigurationList section */
	};
	rootObject = B5A9FD8229B9C7230040F0F4 /* Project object */;
}
