// !$*UTF8*$!
{
	archiveVersion = 1;
	classes = {
	};
	objectVersion = 56;
	objects = {

/* Begin PBXBuildFile section */
		B53A1B8D29C6DCC600ED8F84 /* SearchTableViewCell.swift in Sources */ = {isa = PBXBuildFile; fileRef = B53A1B8C29C6DCC600ED8F84 /* SearchTableViewCell.swift */; };
		B53A1B9029C6E87E00ED8F84 /* NewsCollectionViewCell.swift in Sources */ = {isa = PBXBuildFile; fileRef = B53A1B8F29C6E87E00ED8F84 /* NewsCollectionViewCell.swift */; };
		B53A1B9229C6E88A00ED8F84 /* CatalogCollectionViewCell.swift in Sources */ = {isa = PBXBuildFile; fileRef = B53A1B9129C6E88A00ED8F84 /* CatalogCollectionViewCell.swift */; };
		B53A1B9429C6EC2B00ED8F84 /* CatalogCollectionReusableView.swift in Sources */ = {isa = PBXBuildFile; fileRef = B53A1B9329C6EC2B00ED8F84 /* CatalogCollectionReusableView.swift */; };
		B53A1B9629C6EC3B00ED8F84 /* NewsCollectionReusableView.swift in Sources */ = {isa = PBXBuildFile; fileRef = B53A1B9529C6EC3B00ED8F84 /* NewsCollectionReusableView.swift */; };
		B53A1B9A29C6F37F00ED8F84 /* CategoryCollectionViewCell.swift in Sources */ = {isa = PBXBuildFile; fileRef = B53A1B9929C6F37F00ED8F84 /* CategoryCollectionViewCell.swift */; };
		B53A1B9C29C6FAE800ED8F84 /* APIManager.swift in Sources */ = {isa = PBXBuildFile; fileRef = B53A1B9B29C6FAE800ED8F84 /* APIManager.swift */; };
		B53A1B9F29C6FB7A00ED8F84 /* NewsMock.json in Resources */ = {isa = PBXBuildFile; fileRef = B53A1B9E29C6FB7A00ED8F84 /* NewsMock.json */; };
		B53A1BA129C6FB9700ED8F84 /* News.swift in Sources */ = {isa = PBXBuildFile; fileRef = B53A1BA029C6FB9700ED8F84 /* News.swift */; };
		B53A1BA429C7047400ED8F84 /* UIImageViewURL.swift in Sources */ = {isa = PBXBuildFile; fileRef = B53A1BA329C7047400ED8F84 /* UIImageViewURL.swift */; };
		B53A1BA629C71B4400ED8F84 /* CatalogMock.json in Resources */ = {isa = PBXBuildFile; fileRef = B53A1BA529C71B4400ED8F84 /* CatalogMock.json */; };
		B53A1BA829C71B5500ED8F84 /* CatalogItem.swift in Sources */ = {isa = PBXBuildFile; fileRef = B53A1BA729C71B5500ED8F84 /* CatalogItem.swift */; };
		B53A1BAF29C8633C00ED8F84 /* MainTabBarViewController.swift in Sources */ = {isa = PBXBuildFile; fileRef = B53A1BAE29C8633C00ED8F84 /* MainTabBarViewController.swift */; };
		B53A1BB229C864C300ED8F84 /* ResultViewController.swift in Sources */ = {isa = PBXBuildFile; fileRef = B53A1BB129C864C300ED8F84 /* ResultViewController.swift */; };
		B53A1BB529C864D800ED8F84 /* ChatViewController.swift in Sources */ = {isa = PBXBuildFile; fileRef = B53A1BB429C864D800ED8F84 /* ChatViewController.swift */; };
		B53A1BB729C8671800ED8F84 /* ToCartView.swift in Sources */ = {isa = PBXBuildFile; fileRef = B53A1BB629C8671800ED8F84 /* ToCartView.swift */; };
		B53A1BB929C88E6100ED8F84 /* CartViewController.swift in Sources */ = {isa = PBXBuildFile; fileRef = B53A1BB829C88E6100ED8F84 /* CartViewController.swift */; };
		B53A1BBC29C88F4700ED8F84 /* CartViewMain.swift in Sources */ = {isa = PBXBuildFile; fileRef = B53A1BBB29C88F4700ED8F84 /* CartViewMain.swift */; };
		B53A1BBE29C9DCDE00ED8F84 /* PacientCardViewController.swift in Sources */ = {isa = PBXBuildFile; fileRef = B53A1BBD29C9DCDE00ED8F84 /* PacientCardViewController.swift */; };
		B53A1BC729C9E7F800ED8F84 /* OrderViewController.swift in Sources */ = {isa = PBXBuildFile; fileRef = B53A1BC629C9E7F800ED8F84 /* OrderViewController.swift */; };
		B53A1BC929C9F4E600ED8F84 /* InputTextfieldWithTitle.swift in Sources */ = {isa = PBXBuildFile; fileRef = B53A1BC829C9F4E600ED8F84 /* InputTextfieldWithTitle.swift */; };
		B53A1BCC29CAD4B500ED8F84 /* AdressViewController.swift in Sources */ = {isa = PBXBuildFile; fileRef = B53A1BCB29CAD4B500ED8F84 /* AdressViewController.swift */; };
		B53A1BCE29CAE04000ED8F84 /* SelectDateViewController.swift in Sources */ = {isa = PBXBuildFile; fileRef = B53A1BCD29CAE04000ED8F84 /* SelectDateViewController.swift */; };
		B53A1BD029CAED7400ED8F84 /* FinalPaymentViewController.swift in Sources */ = {isa = PBXBuildFile; fileRef = B53A1BCF29CAED7400ED8F84 /* FinalPaymentViewController.swift */; };
		B53A1BD929CAFA1000ED8F84 /* MedicAppTests.swift in Sources */ = {isa = PBXBuildFile; fileRef = B53A1BD829CAFA1000ED8F84 /* MedicAppTests.swift */; };
		B5952D5E29C0D70D00DD8427 /* InputTextfield.swift in Sources */ = {isa = PBXBuildFile; fileRef = B5952D5D29C0D70D00DD8427 /* InputTextfield.swift */; };
		B5952D6129C0D9A100DD8427 /* EmailCodeTextfield.swift in Sources */ = {isa = PBXBuildFile; fileRef = B5952D6029C0D9A100DD8427 /* EmailCodeTextfield.swift */; };
		B5A9FD8E29B9C7230040F0F4 /* AppDelegate.swift in Sources */ = {isa = PBXBuildFile; fileRef = B5A9FD8D29B9C7230040F0F4 /* AppDelegate.swift */; };
		B5A9FD9029B9C7230040F0F4 /* SceneDelegate.swift in Sources */ = {isa = PBXBuildFile; fileRef = B5A9FD8F29B9C7230040F0F4 /* SceneDelegate.swift */; };
		B5A9FD9229B9C7230040F0F4 /* OnboardingPageViewController.swift in Sources */ = {isa = PBXBuildFile; fileRef = B5A9FD9129B9C7230040F0F4 /* OnboardingPageViewController.swift */; };
		B5A9FD9729B9C7250040F0F4 /* Assets.xcassets in Resources */ = {isa = PBXBuildFile; fileRef = B5A9FD9629B9C7250040F0F4 /* Assets.xcassets */; };
		B5A9FD9A29B9C7250040F0F4 /* LaunchScreen.storyboard in Resources */ = {isa = PBXBuildFile; fileRef = B5A9FD9829B9C7250040F0F4 /* LaunchScreen.storyboard */; };
		B5A9FDA229B9C9870040F0F4 /* OnboardingViewController.swift in Sources */ = {isa = PBXBuildFile; fileRef = B5A9FDA129B9C9870040F0F4 /* OnboardingViewController.swift */; };
		B5BBDA7F29B9DDF500F367AA /* AuthViewController.swift in Sources */ = {isa = PBXBuildFile; fileRef = B5BBDA7E29B9DDF500F367AA /* AuthViewController.swift */; };
		B5BBDA8229B9EA1200F367AA /* EmailCodeViewController.swift in Sources */ = {isa = PBXBuildFile; fileRef = B5BBDA8129B9EA1200F367AA /* EmailCodeViewController.swift */; };
		B5BBDA8429BA1C3500F367AA /* CreatePasswordViewController.swift in Sources */ = {isa = PBXBuildFile; fileRef = B5BBDA8329BA1C3500F367AA /* CreatePasswordViewController.swift */; };
		B5BBDA8629BB2B1000F367AA /* CreatePatientViewController.swift in Sources */ = {isa = PBXBuildFile; fileRef = B5BBDA8529BB2B1000F367AA /* CreatePatientViewController.swift */; };
		B5BBDA8829BB72C800F367AA /* HomeViewController.swift in Sources */ = {isa = PBXBuildFile; fileRef = B5BBDA8729BB72C800F367AA /* HomeViewController.swift */; };
		B5BBDA8C29BB742500F367AA /* SearchViewController.swift in Sources */ = {isa = PBXBuildFile; fileRef = B5BBDA8B29BB742500F367AA /* SearchViewController.swift */; };
		B5BC184F29C1F33200809824 /* KeychainManager.swift in Sources */ = {isa = PBXBuildFile; fileRef = B5BC184E29C1F33200809824 /* KeychainManager.swift */; };
		B5BC25C829CC8D31000F677F /* CatalogDetailViewController.swift in Sources */ = {isa = PBXBuildFile; fileRef = B5BC25C729CC8D31000F677F /* CatalogDetailViewController.swift */; };
/* End PBXBuildFile section */

/* Begin PBXContainerItemProxy section */
		B53A1BDA29CAFA1000ED8F84 /* PBXContainerItemProxy */ = {
			isa = PBXContainerItemProxy;
			containerPortal = B5A9FD8229B9C7230040F0F4 /* Project object */;
			proxyType = 1;
			remoteGlobalIDString = B5A9FD8929B9C7230040F0F4;
			remoteInfo = MedicApp;
		};
/* End PBXContainerItemProxy section */

/* Begin PBXFileReference section */
		B53A1B8C29C6DCC600ED8F84 /* SearchTableViewCell.swift */ = {isa = PBXFileReference; lastKnownFileType = sourcecode.swift; path = SearchTableViewCell.swift; sourceTree = "<group>"; };
		B53A1B8F29C6E87E00ED8F84 /* NewsCollectionViewCell.swift */ = {isa = PBXFileReference; lastKnownFileType = sourcecode.swift; path = NewsCollectionViewCell.swift; sourceTree = "<group>"; };
		B53A1B9129C6E88A00ED8F84 /* CatalogCollectionViewCell.swift */ = {isa = PBXFileReference; lastKnownFileType = sourcecode.swift; path = CatalogCollectionViewCell.swift; sourceTree = "<group>"; };
		B53A1B9329C6EC2B00ED8F84 /* CatalogCollectionReusableView.swift */ = {isa = PBXFileReference; lastKnownFileType = sourcecode.swift; path = CatalogCollectionReusableView.swift; sourceTree = "<group>"; };
		B53A1B9529C6EC3B00ED8F84 /* NewsCollectionReusableView.swift */ = {isa = PBXFileReference; lastKnownFileType = sourcecode.swift; path = NewsCollectionReusableView.swift; sourceTree = "<group>"; };
		B53A1B9929C6F37F00ED8F84 /* CategoryCollectionViewCell.swift */ = {isa = PBXFileReference; lastKnownFileType = sourcecode.swift; path = CategoryCollectionViewCell.swift; sourceTree = "<group>"; };
		B53A1B9B29C6FAE800ED8F84 /* APIManager.swift */ = {isa = PBXFileReference; lastKnownFileType = sourcecode.swift; path = APIManager.swift; sourceTree = "<group>"; };
		B53A1B9E29C6FB7A00ED8F84 /* NewsMock.json */ = {isa = PBXFileReference; lastKnownFileType = text.json; path = NewsMock.json; sourceTree = "<group>"; };
		B53A1BA029C6FB9700ED8F84 /* News.swift */ = {isa = PBXFileReference; lastKnownFileType = sourcecode.swift; path = News.swift; sourceTree = "<group>"; };
		B53A1BA329C7047400ED8F84 /* UIImageViewURL.swift */ = {isa = PBXFileReference; lastKnownFileType = sourcecode.swift; path = UIImageViewURL.swift; sourceTree = "<group>"; };
		B53A1BA529C71B4400ED8F84 /* CatalogMock.json */ = {isa = PBXFileReference; lastKnownFileType = text.json; path = CatalogMock.json; sourceTree = "<group>"; };
		B53A1BA729C71B5500ED8F84 /* CatalogItem.swift */ = {isa = PBXFileReference; lastKnownFileType = sourcecode.swift; path = CatalogItem.swift; sourceTree = "<group>"; };
		B53A1BAE29C8633C00ED8F84 /* MainTabBarViewController.swift */ = {isa = PBXFileReference; lastKnownFileType = sourcecode.swift; path = MainTabBarViewController.swift; sourceTree = "<group>"; };
		B53A1BB129C864C300ED8F84 /* ResultViewController.swift */ = {isa = PBXFileReference; lastKnownFileType = sourcecode.swift; path = ResultViewController.swift; sourceTree = "<group>"; };
		B53A1BB429C864D800ED8F84 /* ChatViewController.swift */ = {isa = PBXFileReference; lastKnownFileType = sourcecode.swift; path = ChatViewController.swift; sourceTree = "<group>"; };
		B53A1BB629C8671800ED8F84 /* ToCartView.swift */ = {isa = PBXFileReference; lastKnownFileType = sourcecode.swift; path = ToCartView.swift; sourceTree = "<group>"; };
		B53A1BB829C88E6100ED8F84 /* CartViewController.swift */ = {isa = PBXFileReference; lastKnownFileType = sourcecode.swift; path = CartViewController.swift; sourceTree = "<group>"; };
		B53A1BBB29C88F4700ED8F84 /* CartViewMain.swift */ = {isa = PBXFileReference; lastKnownFileType = sourcecode.swift; path = CartViewMain.swift; sourceTree = "<group>"; };
		B53A1BBD29C9DCDE00ED8F84 /* PacientCardViewController.swift */ = {isa = PBXFileReference; lastKnownFileType = sourcecode.swift; path = PacientCardViewController.swift; sourceTree = "<group>"; };
		B53A1BC629C9E7F800ED8F84 /* OrderViewController.swift */ = {isa = PBXFileReference; lastKnownFileType = sourcecode.swift; path = OrderViewController.swift; sourceTree = "<group>"; };
		B53A1BC829C9F4E600ED8F84 /* InputTextfieldWithTitle.swift */ = {isa = PBXFileReference; lastKnownFileType = sourcecode.swift; path = InputTextfieldWithTitle.swift; sourceTree = "<group>"; };
		B53A1BCB29CAD4B500ED8F84 /* AdressViewController.swift */ = {isa = PBXFileReference; lastKnownFileType = sourcecode.swift; path = AdressViewController.swift; sourceTree = "<group>"; };
		B53A1BCD29CAE04000ED8F84 /* SelectDateViewController.swift */ = {isa = PBXFileReference; lastKnownFileType = sourcecode.swift; path = SelectDateViewController.swift; sourceTree = "<group>"; };
		B53A1BCF29CAED7400ED8F84 /* FinalPaymentViewController.swift */ = {isa = PBXFileReference; lastKnownFileType = sourcecode.swift; path = FinalPaymentViewController.swift; sourceTree = "<group>"; };
		B53A1BD629CAFA1000ED8F84 /* MedicAppTests.xctest */ = {isa = PBXFileReference; explicitFileType = wrapper.cfbundle; includeInIndex = 0; path = MedicAppTests.xctest; sourceTree = BUILT_PRODUCTS_DIR; };
		B53A1BD829CAFA1000ED8F84 /* MedicAppTests.swift */ = {isa = PBXFileReference; lastKnownFileType = sourcecode.swift; path = MedicAppTests.swift; sourceTree = "<group>"; };
		B5952D5D29C0D70D00DD8427 /* InputTextfield.swift */ = {isa = PBXFileReference; lastKnownFileType = sourcecode.swift; path = InputTextfield.swift; sourceTree = "<group>"; };
		B5952D6029C0D9A100DD8427 /* EmailCodeTextfield.swift */ = {isa = PBXFileReference; lastKnownFileType = sourcecode.swift; path = EmailCodeTextfield.swift; sourceTree = "<group>"; };
		B5A9FD8A29B9C7230040F0F4 /* MedicApp.app */ = {isa = PBXFileReference; explicitFileType = wrapper.application; includeInIndex = 0; path = MedicApp.app; sourceTree = BUILT_PRODUCTS_DIR; };
		B5A9FD8D29B9C7230040F0F4 /* AppDelegate.swift */ = {isa = PBXFileReference; lastKnownFileType = sourcecode.swift; path = AppDelegate.swift; sourceTree = "<group>"; };
		B5A9FD8F29B9C7230040F0F4 /* SceneDelegate.swift */ = {isa = PBXFileReference; lastKnownFileType = sourcecode.swift; path = SceneDelegate.swift; sourceTree = "<group>"; };
		B5A9FD9129B9C7230040F0F4 /* OnboardingPageViewController.swift */ = {isa = PBXFileReference; lastKnownFileType = sourcecode.swift; path = OnboardingPageViewController.swift; sourceTree = "<group>"; };
		B5A9FD9629B9C7250040F0F4 /* Assets.xcassets */ = {isa = PBXFileReference; lastKnownFileType = folder.assetcatalog; path = Assets.xcassets; sourceTree = "<group>"; };
		B5A9FD9929B9C7250040F0F4 /* Base */ = {isa = PBXFileReference; lastKnownFileType = file.storyboard; name = Base; path = Base.lproj/LaunchScreen.storyboard; sourceTree = "<group>"; };
		B5A9FD9B29B9C7250040F0F4 /* Info.plist */ = {isa = PBXFileReference; lastKnownFileType = text.plist.xml; path = Info.plist; sourceTree = "<group>"; };
		B5A9FDA129B9C9870040F0F4 /* OnboardingViewController.swift */ = {isa = PBXFileReference; lastKnownFileType = sourcecode.swift; path = OnboardingViewController.swift; sourceTree = "<group>"; };
		B5BBDA7E29B9DDF500F367AA /* AuthViewController.swift */ = {isa = PBXFileReference; lastKnownFileType = sourcecode.swift; path = AuthViewController.swift; sourceTree = "<group>"; };
		B5BBDA8129B9EA1200F367AA /* EmailCodeViewController.swift */ = {isa = PBXFileReference; lastKnownFileType = sourcecode.swift; path = EmailCodeViewController.swift; sourceTree = "<group>"; };
		B5BBDA8329BA1C3500F367AA /* CreatePasswordViewController.swift */ = {isa = PBXFileReference; lastKnownFileType = sourcecode.swift; path = CreatePasswordViewController.swift; sourceTree = "<group>"; };
		B5BBDA8529BB2B1000F367AA /* CreatePatientViewController.swift */ = {isa = PBXFileReference; lastKnownFileType = sourcecode.swift; path = CreatePatientViewController.swift; sourceTree = "<group>"; };
		B5BBDA8729BB72C800F367AA /* HomeViewController.swift */ = {isa = PBXFileReference; lastKnownFileType = sourcecode.swift; path = HomeViewController.swift; sourceTree = "<group>"; };
		B5BBDA8B29BB742500F367AA /* SearchViewController.swift */ = {isa = PBXFileReference; lastKnownFileType = sourcecode.swift; path = SearchViewController.swift; sourceTree = "<group>"; };
		B5BC184E29C1F33200809824 /* KeychainManager.swift */ = {isa = PBXFileReference; lastKnownFileType = sourcecode.swift; path = KeychainManager.swift; sourceTree = "<group>"; };
		B5BC25C729CC8D31000F677F /* CatalogDetailViewController.swift */ = {isa = PBXFileReference; lastKnownFileType = sourcecode.swift; path = CatalogDetailViewController.swift; sourceTree = "<group>"; };
/* End PBXFileReference section */

/* Begin PBXFrameworksBuildPhase section */
		B53A1BD329CAFA1000ED8F84 /* Frameworks */ = {
			isa = PBXFrameworksBuildPhase;
			buildActionMask = 2147483647;
			files = (
			);
			runOnlyForDeploymentPostprocessing = 0;
		};
		B5A9FD8729B9C7230040F0F4 /* Frameworks */ = {
			isa = PBXFrameworksBuildPhase;
			buildActionMask = 2147483647;
			files = (
			);
			runOnlyForDeploymentPostprocessing = 0;
		};
/* End PBXFrameworksBuildPhase section */

/* Begin PBXGroup section */
		B53A1B8E29C6DCE000ED8F84 /* Search */ = {
			isa = PBXGroup;
			children = (
				B5BBDA8B29BB742500F367AA /* SearchViewController.swift */,
				B53A1B8C29C6DCC600ED8F84 /* SearchTableViewCell.swift */,
			);
			path = Search;
			sourceTree = "<group>";
		};
		B53A1B9729C6F20800ED8F84 /* CatalogBlock */ = {
			isa = PBXGroup;
			children = (
				B53A1B9129C6E88A00ED8F84 /* CatalogCollectionViewCell.swift */,
				B53A1B9329C6EC2B00ED8F84 /* CatalogCollectionReusableView.swift */,
				B53A1B9929C6F37F00ED8F84 /* CategoryCollectionViewCell.swift */,
				B5BC25C729CC8D31000F677F /* CatalogDetailViewController.swift */,
			);
			path = CatalogBlock;
			sourceTree = "<group>";
		};
		B53A1B9829C6F20E00ED8F84 /* NewsBlock */ = {
			isa = PBXGroup;
			children = (
				B53A1B8F29C6E87E00ED8F84 /* NewsCollectionViewCell.swift */,
				B53A1B9529C6EC3B00ED8F84 /* NewsCollectionReusableView.swift */,
			);
			path = NewsBlock;
			sourceTree = "<group>";
		};
		B53A1B9D29C6FAEC00ED8F84 /* Service */ = {
			isa = PBXGroup;
			children = (
				B53A1B9B29C6FAE800ED8F84 /* APIManager.swift */,
				B53A1BA529C71B4400ED8F84 /* CatalogMock.json */,
				B53A1B9E29C6FB7A00ED8F84 /* NewsMock.json */,
			);
			name = Service;
			path = Subclass/Service;
			sourceTree = "<group>";
		};
		B53A1BA229C6FB9900ED8F84 /* Model */ = {
			isa = PBXGroup;
			children = (
				B53A1BA029C6FB9700ED8F84 /* News.swift */,
				B53A1BA729C71B5500ED8F84 /* CatalogItem.swift */,
			);
			path = Model;
			sourceTree = "<group>";
		};
		B53A1BB029C8634200ED8F84 /* TabBar */ = {
			isa = PBXGroup;
			children = (
				B53A1BAE29C8633C00ED8F84 /* MainTabBarViewController.swift */,
			);
			path = TabBar;
			sourceTree = "<group>";
		};
		B53A1BB329C864C700ED8F84 /* EmptyTabView */ = {
			isa = PBXGroup;
			children = (
				B53A1BB129C864C300ED8F84 /* ResultViewController.swift */,
				B53A1BB429C864D800ED8F84 /* ChatViewController.swift */,
			);
			path = EmptyTabView;
			sourceTree = "<group>";
		};
		B53A1BBA29C88E7600ED8F84 /* Cart */ = {
			isa = PBXGroup;
			children = (
				B53A1BB829C88E6100ED8F84 /* CartViewController.swift */,
				B53A1BBB29C88F4700ED8F84 /* CartViewMain.swift */,
			);
			path = Cart;
			sourceTree = "<group>";
		};
		B53A1BBF29C9DCE800ED8F84 /* ProfilePacient */ = {
			isa = PBXGroup;
			children = (
				B53A1BBD29C9DCDE00ED8F84 /* PacientCardViewController.swift */,
			);
			path = ProfilePacient;
			sourceTree = "<group>";
		};
		B53A1BCA29CA005600ED8F84 /* Order */ = {
			isa = PBXGroup;
			children = (
				B53A1BC629C9E7F800ED8F84 /* OrderViewController.swift */,
				B53A1BCB29CAD4B500ED8F84 /* AdressViewController.swift */,
				B53A1BCD29CAE04000ED8F84 /* SelectDateViewController.swift */,
			);
			path = Order;
			sourceTree = "<group>";
		};
		B53A1BD129CAED7600ED8F84 /* Payment */ = {
			isa = PBXGroup;
			children = (
				B53A1BCF29CAED7400ED8F84 /* FinalPaymentViewController.swift */,
			);
			path = Payment;
			sourceTree = "<group>";
		};
		B53A1BD729CAFA1000ED8F84 /* MedicAppTests */ = {
			isa = PBXGroup;
			children = (
				B53A1BD829CAFA1000ED8F84 /* MedicAppTests.swift */,
			);
			path = MedicAppTests;
			sourceTree = "<group>";
		};
		B5952D5F29C0D71100DD8427 /* Subclass */ = {
			isa = PBXGroup;
			children = (
				B53A1BC829C9F4E600ED8F84 /* InputTextfieldWithTitle.swift */,
				B5952D5D29C0D70D00DD8427 /* InputTextfield.swift */,
				B5952D6029C0D9A100DD8427 /* EmailCodeTextfield.swift */,
				B53A1BA329C7047400ED8F84 /* UIImageViewURL.swift */,
				B53A1BB629C8671800ED8F84 /* ToCartView.swift */,
			);
			path = Subclass;
			sourceTree = "<group>";
		};
		B5A9FD8129B9C7230040F0F4 = {
			isa = PBXGroup;
			children = (
				B5A9FD8C29B9C7230040F0F4 /* MedicApp */,
				B53A1BD729CAFA1000ED8F84 /* MedicAppTests */,
				B5A9FD8B29B9C7230040F0F4 /* Products */,
			);
			sourceTree = "<group>";
		};
		B5A9FD8B29B9C7230040F0F4 /* Products */ = {
			isa = PBXGroup;
			children = (
				B5A9FD8A29B9C7230040F0F4 /* MedicApp.app */,
				B53A1BD629CAFA1000ED8F84 /* MedicAppTests.xctest */,
			);
			name = Products;
			sourceTree = "<group>";
		};
		B5A9FD8C29B9C7230040F0F4 /* MedicApp */ = {
			isa = PBXGroup;
			children = (
				B5BBDA7B29B9DDB700F367AA /* App */,
				B53A1BA229C6FB9900ED8F84 /* Model */,
				B53A1B9D29C6FAEC00ED8F84 /* Service */,
				B5952D5F29C0D71100DD8427 /* Subclass */,
				B5BC185029C1F33F00809824 /* Service */,
				B5BBDA8A29BB72D700F367AA /* Modules */,
				B5BBDA7C29B9DDBD00F367AA /* Resources */,
				B5A9FD9B29B9C7250040F0F4 /* Info.plist */,
			);
			path = MedicApp;
			sourceTree = "<group>";
		};
		B5BBDA7B29B9DDB700F367AA /* App */ = {
			isa = PBXGroup;
			children = (
				B5A9FD8D29B9C7230040F0F4 /* AppDelegate.swift */,
				B5A9FD8F29B9C7230040F0F4 /* SceneDelegate.swift */,
				B5A9FD9829B9C7250040F0F4 /* LaunchScreen.storyboard */,
			);
			path = App;
			sourceTree = "<group>";
		};
		B5BBDA7C29B9DDBD00F367AA /* Resources */ = {
			isa = PBXGroup;
			children = (
				B5A9FD9629B9C7250040F0F4 /* Assets.xcassets */,
			);
			path = Resources;
			sourceTree = "<group>";
		};
		B5BBDA7D29B9DDCB00F367AA /* Onboarding */ = {
			isa = PBXGroup;
			children = (
				B5A9FD9129B9C7230040F0F4 /* OnboardingPageViewController.swift */,
				B5A9FDA129B9C9870040F0F4 /* OnboardingViewController.swift */,
			);
			path = Onboarding;
			sourceTree = "<group>";
		};
		B5BBDA8029B9DDF700F367AA /* Auth */ = {
			isa = PBXGroup;
			children = (
				B5BBDA7E29B9DDF500F367AA /* AuthViewController.swift */,
				B5BBDA8129B9EA1200F367AA /* EmailCodeViewController.swift */,
				B5BBDA8329BA1C3500F367AA /* CreatePasswordViewController.swift */,
				B5BBDA8529BB2B1000F367AA /* CreatePatientViewController.swift */,
			);
			path = Auth;
			sourceTree = "<group>";
		};
		B5BBDA8929BB72CA00F367AA /* Home */ = {
			isa = PBXGroup;
			children = (
				B5BBDA8729BB72C800F367AA /* HomeViewController.swift */,
				B53A1B9829C6F20E00ED8F84 /* NewsBlock */,
				B53A1B9729C6F20800ED8F84 /* CatalogBlock */,
				B53A1B8E29C6DCE000ED8F84 /* Search */,
			);
			path = Home;
			sourceTree = "<group>";
		};
		B5BBDA8A29BB72D700F367AA /* Modules */ = {
			isa = PBXGroup;
			children = (
				B53A1BB329C864C700ED8F84 /* EmptyTabView */,
				B5BBDA7D29B9DDCB00F367AA /* Onboarding */,
				B53A1BB029C8634200ED8F84 /* TabBar */,
				B5BBDA8029B9DDF700F367AA /* Auth */,
				B5BBDA8929BB72CA00F367AA /* Home */,
				B53A1BBF29C9DCE800ED8F84 /* ProfilePacient */,
				B53A1BBA29C88E7600ED8F84 /* Cart */,
				B53A1BCA29CA005600ED8F84 /* Order */,
				B53A1BD129CAED7600ED8F84 /* Payment */,
			);
			path = Modules;
			sourceTree = "<group>";
		};
		B5BC185029C1F33F00809824 /* Service */ = {
			isa = PBXGroup;
			children = (
				B5BC185129C1F34B00809824 /* Keychain */,
			);
			path = Service;
			sourceTree = "<group>";
		};
		B5BC185129C1F34B00809824 /* Keychain */ = {
			isa = PBXGroup;
			children = (
				B5BC184E29C1F33200809824 /* KeychainManager.swift */,
			);
			path = Keychain;
			sourceTree = "<group>";
		};
/* End PBXGroup section */

/* Begin PBXNativeTarget section */
		B53A1BD529CAFA1000ED8F84 /* MedicAppTests */ = {
			isa = PBXNativeTarget;
			buildConfigurationList = B53A1BDC29CAFA1000ED8F84 /* Build configuration list for PBXNativeTarget "MedicAppTests" */;
			buildPhases = (
				B53A1BD229CAFA1000ED8F84 /* Sources */,
				B53A1BD329CAFA1000ED8F84 /* Frameworks */,
				B53A1BD429CAFA1000ED8F84 /* Resources */,
			);
			buildRules = (
			);
			dependencies = (
				B53A1BDB29CAFA1000ED8F84 /* PBXTargetDependency */,
			);
			name = MedicAppTests;
			productName = MedicAppTests;
			productReference = B53A1BD629CAFA1000ED8F84 /* MedicAppTests.xctest */;
			productType = "com.apple.product-type.bundle.unit-test";
		};
		B5A9FD8929B9C7230040F0F4 /* MedicApp */ = {
			isa = PBXNativeTarget;
			buildConfigurationList = B5A9FD9E29B9C7250040F0F4 /* Build configuration list for PBXNativeTarget "MedicApp" */;
			buildPhases = (
				B5A9FD8629B9C7230040F0F4 /* Sources */,
				B5A9FD8729B9C7230040F0F4 /* Frameworks */,
				B5A9FD8829B9C7230040F0F4 /* Resources */,
			);
			buildRules = (
			);
			dependencies = (
			);
			name = MedicApp;
			productName = MedicApp;
			productReference = B5A9FD8A29B9C7230040F0F4 /* MedicApp.app */;
			productType = "com.apple.product-type.application";
		};
/* End PBXNativeTarget section */

/* Begin PBXProject section */
		B5A9FD8229B9C7230040F0F4 /* Project object */ = {
			isa = PBXProject;
			attributes = {
				BuildIndependentTargetsInParallel = 1;
				LastSwiftUpdateCheck = 1400;
				LastUpgradeCheck = 1400;
				TargetAttributes = {
					B53A1BD529CAFA1000ED8F84 = {
						CreatedOnToolsVersion = 14.0.1;
						TestTargetID = B5A9FD8929B9C7230040F0F4;
					};
					B5A9FD8929B9C7230040F0F4 = {
						CreatedOnToolsVersion = 14.0.1;
					};
				};
			};
			buildConfigurationList = B5A9FD8529B9C7230040F0F4 /* Build configuration list for PBXProject "MedicApp" */;
			compatibilityVersion = "Xcode 14.0";
			developmentRegion = en;
			hasScannedForEncodings = 0;
			knownRegions = (
				en,
				Base,
			);
			mainGroup = B5A9FD8129B9C7230040F0F4;
			productRefGroup = B5A9FD8B29B9C7230040F0F4 /* Products */;
			projectDirPath = "";
			projectRoot = "";
			targets = (
				B5A9FD8929B9C7230040F0F4 /* MedicApp */,
				B53A1BD529CAFA1000ED8F84 /* MedicAppTests */,
			);
		};
/* End PBXProject section */

/* Begin PBXResourcesBuildPhase section */
		B53A1BD429CAFA1000ED8F84 /* Resources */ = {
			isa = PBXResourcesBuildPhase;
			buildActionMask = 2147483647;
			files = (
			);
			runOnlyForDeploymentPostprocessing = 0;
		};
		B5A9FD8829B9C7230040F0F4 /* Resources */ = {
			isa = PBXResourcesBuildPhase;
			buildActionMask = 2147483647;
			files = (
				B5A9FD9A29B9C7250040F0F4 /* LaunchScreen.storyboard in Resources */,
				B53A1B9F29C6FB7A00ED8F84 /* NewsMock.json in Resources */,
				B5A9FD9729B9C7250040F0F4 /* Assets.xcassets in Resources */,
				B53A1BA629C71B4400ED8F84 /* CatalogMock.json in Resources */,
			);
			runOnlyForDeploymentPostprocessing = 0;
		};
/* End PBXResourcesBuildPhase section */

/* Begin PBXSourcesBuildPhase section */
		B53A1BD229CAFA1000ED8F84 /* Sources */ = {
			isa = PBXSourcesBuildPhase;
			buildActionMask = 2147483647;
			files = (
				B53A1BD929CAFA1000ED8F84 /* MedicAppTests.swift in Sources */,
			);
			runOnlyForDeploymentPostprocessing = 0;
		};
		B5A9FD8629B9C7230040F0F4 /* Sources */ = {
			isa = PBXSourcesBuildPhase;
			buildActionMask = 2147483647;
			files = (
				B5BBDA8C29BB742500F367AA /* SearchViewController.swift in Sources */,
				B5A9FD9229B9C7230040F0F4 /* OnboardingPageViewController.swift in Sources */,
				B53A1BC729C9E7F800ED8F84 /* OrderViewController.swift in Sources */,
				B53A1BA429C7047400ED8F84 /* UIImageViewURL.swift in Sources */,
				B5A9FD8E29B9C7230040F0F4 /* AppDelegate.swift in Sources */,
				B53A1BBC29C88F4700ED8F84 /* CartViewMain.swift in Sources */,
				B5BBDA7F29B9DDF500F367AA /* AuthViewController.swift in Sources */,
				B53A1B9629C6EC3B00ED8F84 /* NewsCollectionReusableView.swift in Sources */,
				B53A1B9029C6E87E00ED8F84 /* NewsCollectionViewCell.swift in Sources */,
				B5A9FD9029B9C7230040F0F4 /* SceneDelegate.swift in Sources */,
				B53A1BD029CAED7400ED8F84 /* FinalPaymentViewController.swift in Sources */,
				B53A1BA829C71B5500ED8F84 /* CatalogItem.swift in Sources */,
				B53A1BAF29C8633C00ED8F84 /* MainTabBarViewController.swift in Sources */,
				B53A1BB229C864C300ED8F84 /* ResultViewController.swift in Sources */,
				B5BBDA8629BB2B1000F367AA /* CreatePatientViewController.swift in Sources */,
				B53A1BCC29CAD4B500ED8F84 /* AdressViewController.swift in Sources */,
				B53A1B9429C6EC2B00ED8F84 /* CatalogCollectionReusableView.swift in Sources */,
				B53A1BC929C9F4E600ED8F84 /* InputTextfieldWithTitle.swift in Sources */,
				B5BBDA8829BB72C800F367AA /* HomeViewController.swift in Sources */,
				B53A1B9A29C6F37F00ED8F84 /* CategoryCollectionViewCell.swift in Sources */,
				B5952D6129C0D9A100DD8427 /* EmailCodeTextfield.swift in Sources */,
				B53A1BB929C88E6100ED8F84 /* CartViewController.swift in Sources */,
				B53A1B9C29C6FAE800ED8F84 /* APIManager.swift in Sources */,
				B5BC184F29C1F33200809824 /* KeychainManager.swift in Sources */,
				B5BBDA8229B9EA1200F367AA /* EmailCodeViewController.swift in Sources */,
				B53A1BBE29C9DCDE00ED8F84 /* PacientCardViewController.swift in Sources */,
				B5BBDA8429BA1C3500F367AA /* CreatePasswordViewController.swift in Sources */,
				B5BC25C829CC8D31000F677F /* CatalogDetailViewController.swift in Sources */,
				B53A1BCE29CAE04000ED8F84 /* SelectDateViewController.swift in Sources */,
				B53A1BB729C8671800ED8F84 /* ToCartView.swift in Sources */,
				B53A1B9229C6E88A00ED8F84 /* CatalogCollectionViewCell.swift in Sources */,
				B5952D5E29C0D70D00DD8427 /* InputTextfield.swift in Sources */,
				B53A1BB529C864D800ED8F84 /* ChatViewController.swift in Sources */,
				B53A1BA129C6FB9700ED8F84 /* News.swift in Sources */,
				B5A9FDA229B9C9870040F0F4 /* OnboardingViewController.swift in Sources */,
				B53A1B8D29C6DCC600ED8F84 /* SearchTableViewCell.swift in Sources */,
			);
			runOnlyForDeploymentPostprocessing = 0;
		};
/* End PBXSourcesBuildPhase section */

/* Begin PBXTargetDependency section */
		B53A1BDB29CAFA1000ED8F84 /* PBXTargetDependency */ = {
			isa = PBXTargetDependency;
			target = B5A9FD8929B9C7230040F0F4 /* MedicApp */;
			targetProxy = B53A1BDA29CAFA1000ED8F84 /* PBXContainerItemProxy */;
		};
/* End PBXTargetDependency section */

/* Begin PBXVariantGroup section */
		B5A9FD9829B9C7250040F0F4 /* LaunchScreen.storyboard */ = {
			isa = PBXVariantGroup;
			children = (
				B5A9FD9929B9C7250040F0F4 /* Base */,
			);
			name = LaunchScreen.storyboard;
			sourceTree = "<group>";
		};
/* End PBXVariantGroup section */

/* Begin XCBuildConfiguration section */
		B53A1BDD29CAFA1000ED8F84 /* Debug */ = {
			isa = XCBuildConfiguration;
			buildSettings = {
				BUNDLE_LOADER = "$(TEST_HOST)";
				CODE_SIGN_STYLE = Automatic;
				CURRENT_PROJECT_VERSION = 1;
				DEVELOPMENT_TEAM = V352R4M2J4;
				GENERATE_INFOPLIST_FILE = YES;
				IPHONEOS_DEPLOYMENT_TARGET = 14.0;
				MARKETING_VERSION = 1.0;
				PRODUCT_BUNDLE_IDENTIFIER = pavel.MedicAppTests;
				PRODUCT_NAME = "$(TARGET_NAME)";
				SWIFT_EMIT_LOC_STRINGS = NO;
				SWIFT_VERSION = 5.0;
				TARGETED_DEVICE_FAMILY = "1,2";
				TEST_HOST = "$(BUILT_PRODUCTS_DIR)/MedicApp.app/$(BUNDLE_EXECUTABLE_FOLDER_PATH)/MedicApp";
			};
			name = Debug;
		};
		B53A1BDE29CAFA1000ED8F84 /* Release */ = {
			isa = XCBuildConfiguration;
			buildSettings = {
				BUNDLE_LOADER = "$(TEST_HOST)";
				CODE_SIGN_STYLE = Automatic;
				CURRENT_PROJECT_VERSION = 1;
				DEVELOPMENT_TEAM = V352R4M2J4;
				GENERATE_INFOPLIST_FILE = YES;
				IPHONEOS_DEPLOYMENT_TARGET = 14.0;
				MARKETING_VERSION = 1.0;
				PRODUCT_BUNDLE_IDENTIFIER = pavel.MedicAppTests;
				PRODUCT_NAME = "$(TARGET_NAME)";
				SWIFT_EMIT_LOC_STRINGS = NO;
				SWIFT_VERSION = 5.0;
				TARGETED_DEVICE_FAMILY = "1,2";
				TEST_HOST = "$(BUILT_PRODUCTS_DIR)/MedicApp.app/$(BUNDLE_EXECUTABLE_FOLDER_PATH)/MedicApp";
			};
			name = Release;
		};
		B5A9FD9C29B9C7250040F0F4 /* Debug */ = {
			isa = XCBuildConfiguration;
			buildSettings = {
				ALWAYS_SEARCH_USER_PATHS = NO;
				CLANG_ANALYZER_NONNULL = YES;
				CLANG_ANALYZER_NUMBER_OBJECT_CONVERSION = YES_AGGRESSIVE;
				CLANG_CXX_LANGUAGE_STANDARD = "gnu++20";
				CLANG_ENABLE_MODULES = YES;
				CLANG_ENABLE_OBJC_ARC = YES;
				CLANG_ENABLE_OBJC_WEAK = YES;
				CLANG_WARN_BLOCK_CAPTURE_AUTORELEASING = YES;
				CLANG_WARN_BOOL_CONVERSION = YES;
				CLANG_WARN_COMMA = YES;
				CLANG_WARN_CONSTANT_CONVERSION = YES;
				CLANG_WARN_DEPRECATED_OBJC_IMPLEMENTATIONS = YES;
				CLANG_WARN_DIRECT_OBJC_ISA_USAGE = YES_ERROR;
				CLANG_WARN_DOCUMENTATION_COMMENTS = YES;
				CLANG_WARN_EMPTY_BODY = YES;
				CLANG_WARN_ENUM_CONVERSION = YES;
				CLANG_WARN_INFINITE_RECURSION = YES;
				CLANG_WARN_INT_CONVERSION = YES;
				CLANG_WARN_NON_LITERAL_NULL_CONVERSION = YES;
				CLANG_WARN_OBJC_IMPLICIT_RETAIN_SELF = YES;
				CLANG_WARN_OBJC_LITERAL_CONVERSION = YES;
				CLANG_WARN_OBJC_ROOT_CLASS = YES_ERROR;
				CLANG_WARN_QUOTED_INCLUDE_IN_FRAMEWORK_HEADER = YES;
				CLANG_WARN_RANGE_LOOP_ANALYSIS = YES;
				CLANG_WARN_STRICT_PROTOTYPES = YES;
				CLANG_WARN_SUSPICIOUS_MOVE = YES;
				CLANG_WARN_UNGUARDED_AVAILABILITY = YES_AGGRESSIVE;
				CLANG_WARN_UNREACHABLE_CODE = YES;
				CLANG_WARN__DUPLICATE_METHOD_MATCH = YES;
				COPY_PHASE_STRIP = NO;
				DEBUG_INFORMATION_FORMAT = dwarf;
				ENABLE_STRICT_OBJC_MSGSEND = YES;
				ENABLE_TESTABILITY = YES;
				GCC_C_LANGUAGE_STANDARD = gnu11;
				GCC_DYNAMIC_NO_PIC = NO;
				GCC_NO_COMMON_BLOCKS = YES;
				GCC_OPTIMIZATION_LEVEL = 0;
				GCC_PREPROCESSOR_DEFINITIONS = (
					"DEBUG=1",
					"$(inherited)",
				);
				GCC_WARN_64_TO_32_BIT_CONVERSION = YES;
				GCC_WARN_ABOUT_RETURN_TYPE = YES_ERROR;
				GCC_WARN_UNDECLARED_SELECTOR = YES;
				GCC_WARN_UNINITIALIZED_AUTOS = YES_AGGRESSIVE;
				GCC_WARN_UNUSED_FUNCTION = YES;
				GCC_WARN_UNUSED_VARIABLE = YES;
				IPHONEOS_DEPLOYMENT_TARGET = 16.0;
				MTL_ENABLE_DEBUG_INFO = INCLUDE_SOURCE;
				MTL_FAST_MATH = YES;
				ONLY_ACTIVE_ARCH = YES;
				SDKROOT = iphoneos;
				SWIFT_ACTIVE_COMPILATION_CONDITIONS = DEBUG;
				SWIFT_OPTIMIZATION_LEVEL = "-Onone";
			};
			name = Debug;
		};
		B5A9FD9D29B9C7250040F0F4 /* Release */ = {
			isa = XCBuildConfiguration;
			buildSettings = {
				ALWAYS_SEARCH_USER_PATHS = NO;
				CLANG_ANALYZER_NONNULL = YES;
				CLANG_ANALYZER_NUMBER_OBJECT_CONVERSION = YES_AGGRESSIVE;
				CLANG_CXX_LANGUAGE_STANDARD = "gnu++20";
				CLANG_ENABLE_MODULES = YES;
				CLANG_ENABLE_OBJC_ARC = YES;
				CLANG_ENABLE_OBJC_WEAK = YES;
				CLANG_WARN_BLOCK_CAPTURE_AUTORELEASING = YES;
				CLANG_WARN_BOOL_CONVERSION = YES;
				CLANG_WARN_COMMA = YES;
				CLANG_WARN_CONSTANT_CONVERSION = YES;
				CLANG_WARN_DEPRECATED_OBJC_IMPLEMENTATIONS = YES;
				CLANG_WARN_DIRECT_OBJC_ISA_USAGE = YES_ERROR;
				CLANG_WARN_DOCUMENTATION_COMMENTS = YES;
				CLANG_WARN_EMPTY_BODY = YES;
				CLANG_WARN_ENUM_CONVERSION = YES;
				CLANG_WARN_INFINITE_RECURSION = YES;
				CLANG_WARN_INT_CONVERSION = YES;
				CLANG_WARN_NON_LITERAL_NULL_CONVERSION = YES;
				CLANG_WARN_OBJC_IMPLICIT_RETAIN_SELF = YES;
				CLANG_WARN_OBJC_LITERAL_CONVERSION = YES;
				CLANG_WARN_OBJC_ROOT_CLASS = YES_ERROR;
				CLANG_WARN_QUOTED_INCLUDE_IN_FRAMEWORK_HEADER = YES;
				CLANG_WARN_RANGE_LOOP_ANALYSIS = YES;
				CLANG_WARN_STRICT_PROTOTYPES = YES;
				CLANG_WARN_SUSPICIOUS_MOVE = YES;
				CLANG_WARN_UNGUARDED_AVAILABILITY = YES_AGGRESSIVE;
				CLANG_WARN_UNREACHABLE_CODE = YES;
				CLANG_WARN__DUPLICATE_METHOD_MATCH = YES;
				COPY_PHASE_STRIP = NO;
				DEBUG_INFORMATION_FORMAT = "dwarf-with-dsym";
				ENABLE_NS_ASSERTIONS = NO;
				ENABLE_STRICT_OBJC_MSGSEND = YES;
				GCC_C_LANGUAGE_STANDARD = gnu11;
				GCC_NO_COMMON_BLOCKS = YES;
				GCC_WARN_64_TO_32_BIT_CONVERSION = YES;
				GCC_WARN_ABOUT_RETURN_TYPE = YES_ERROR;
				GCC_WARN_UNDECLARED_SELECTOR = YES;
				GCC_WARN_UNINITIALIZED_AUTOS = YES_AGGRESSIVE;
				GCC_WARN_UNUSED_FUNCTION = YES;
				GCC_WARN_UNUSED_VARIABLE = YES;
				IPHONEOS_DEPLOYMENT_TARGET = 16.0;
				MTL_ENABLE_DEBUG_INFO = NO;
				MTL_FAST_MATH = YES;
				SDKROOT = iphoneos;
				SWIFT_COMPILATION_MODE = wholemodule;
				SWIFT_OPTIMIZATION_LEVEL = "-O";
				VALIDATE_PRODUCT = YES;
			};
			name = Release;
		};
		B5A9FD9F29B9C7250040F0F4 /* Debug */ = {
			isa = XCBuildConfiguration;
			buildSettings = {
				ASSETCATALOG_COMPILER_APPICON_NAME = AppIcon;
				ASSETCATALOG_COMPILER_GLOBAL_ACCENT_COLOR_NAME = AccentColor;
				CODE_SIGN_STYLE = Automatic;
				CURRENT_PROJECT_VERSION = 1;
				DEVELOPMENT_TEAM = V352R4M2J4;
				GENERATE_INFOPLIST_FILE = YES;
				INFOPLIST_FILE = MedicApp/Info.plist;
				INFOPLIST_KEY_CFBundleDisplayName = KMedic;
				INFOPLIST_KEY_LSApplicationCategoryType = "public.app-category.healthcare-fitness";
				INFOPLIST_KEY_UIApplicationSupportsIndirectInputEvents = YES;
				INFOPLIST_KEY_UILaunchStoryboardName = LaunchScreen;
				INFOPLIST_KEY_UISupportedInterfaceOrientations = UIInterfaceOrientationPortrait;
				IPHONEOS_DEPLOYMENT_TARGET = 14.0;
				LD_RUNPATH_SEARCH_PATHS = (
					"$(inherited)",
					"@executable_path/Frameworks",
				);
				MARKETING_VERSION = 1.0;
				PRODUCT_BUNDLE_IDENTIFIER = pavel.MedicApp;
				PRODUCT_NAME = "$(TARGET_NAME)";
				SWIFT_EMIT_LOC_STRINGS = YES;
				SWIFT_VERSION = 5.0;
				TARGETED_DEVICE_FAMILY = "1,2";
			};
			name = Debug;
		};
		B5A9FDA029B9C7250040F0F4 /* Release */ = {
			isa = XCBuildConfiguration;
			buildSettings = {
				ASSETCATALOG_COMPILER_APPICON_NAME = AppIcon;
				ASSETCATALOG_COMPILER_GLOBAL_ACCENT_COLOR_NAME = AccentColor;
				CODE_SIGN_STYLE = Automatic;
				CURRENT_PROJECT_VERSION = 1;
				DEVELOPMENT_TEAM = V352R4M2J4;
				GENERATE_INFOPLIST_FILE = YES;
				INFOPLIST_FILE = MedicApp/Info.plist;
				INFOPLIST_KEY_CFBundleDisplayName = KMedic;
				INFOPLIST_KEY_LSApplicationCategoryType = "public.app-category.healthcare-fitness";
				INFOPLIST_KEY_UIApplicationSupportsIndirectInputEvents = YES;
				INFOPLIST_KEY_UILaunchStoryboardName = LaunchScreen;
				INFOPLIST_KEY_UISupportedInterfaceOrientations = UIInterfaceOrientationPortrait;
				IPHONEOS_DEPLOYMENT_TARGET = 14.0;
				LD_RUNPATH_SEARCH_PATHS = (
					"$(inherited)",
					"@executable_path/Frameworks",
				);
				MARKETING_VERSION = 1.0;
				PRODUCT_BUNDLE_IDENTIFIER = pavel.MedicApp;
				PRODUCT_NAME = "$(TARGET_NAME)";
				SWIFT_EMIT_LOC_STRINGS = YES;
				SWIFT_VERSION = 5.0;
				TARGETED_DEVICE_FAMILY = "1,2";
			};
			name = Release;
		};
/* End XCBuildConfiguration section */

/* Begin XCConfigurationList section */
		B53A1BDC29CAFA1000ED8F84 /* Build configuration list for PBXNativeTarget "MedicAppTests" */ = {
			isa = XCConfigurationList;
			buildConfigurations = (
				B53A1BDD29CAFA1000ED8F84 /* Debug */,
				B53A1BDE29CAFA1000ED8F84 /* Release */,
			);
			defaultConfigurationIsVisible = 0;
			defaultConfigurationName = Release;
		};
		B5A9FD8529B9C7230040F0F4 /* Build configuration list for PBXProject "MedicApp" */ = {
			isa = XCConfigurationList;
			buildConfigurations = (
				B5A9FD9C29B9C7250040F0F4 /* Debug */,
				B5A9FD9D29B9C7250040F0F4 /* Release */,
			);
			defaultConfigurationIsVisible = 0;
			defaultConfigurationName = Release;
		};
		B5A9FD9E29B9C7250040F0F4 /* Build configuration list for PBXNativeTarget "MedicApp" */ = {
			isa = XCConfigurationList;
			buildConfigurations = (
				B5A9FD9F29B9C7250040F0F4 /* Debug */,
				B5A9FDA029B9C7250040F0F4 /* Release */,
			);
			defaultConfigurationIsVisible = 0;
			defaultConfigurationName = Release;
		};
/* End XCConfigurationList section */
	};
	rootObject = B5A9FD8229B9C7230040F0F4 /* Project object */;
}
